// !$*UTF8*$!
{
	archiveVersion = 1;
	classes = {
	};
	objectVersion = 46;
	objects = {

/* Begin PBXBuildFile section */
		67B4284A1A34C0D7007CC06D /* AppDelegate.swift in Sources */ = {isa = PBXBuildFile; fileRef = 67B428491A34C0D7007CC06D /* AppDelegate.swift */; };
		67B4284C1A34C0D7007CC06D /* ViewController.swift in Sources */ = {isa = PBXBuildFile; fileRef = 67B4284B1A34C0D7007CC06D /* ViewController.swift */; };
		67B4284F1A34C0D7007CC06D /* Main.storyboard in Resources */ = {isa = PBXBuildFile; fileRef = 67B4284D1A34C0D7007CC06D /* Main.storyboard */; };
		67B428511A34C0D7007CC06D /* Images.xcassets in Resources */ = {isa = PBXBuildFile; fileRef = 67B428501A34C0D7007CC06D /* Images.xcassets */; };
		67B428541A34C0D7007CC06D /* LaunchScreen.xib in Resources */ = {isa = PBXBuildFile; fileRef = 67B428521A34C0D7007CC06D /* LaunchScreen.xib */; };
		67B428601A34C0D7007CC06D /* variousUISegmentedControlsTests.swift in Sources */ = {isa = PBXBuildFile; fileRef = 67B4285F1A34C0D7007CC06D /* variousUISegmentedControlsTests.swift */; };
		67B4286A1A34DA3F007CC06D /* imagedSegmentedControl.swift in Sources */ = {isa = PBXBuildFile; fileRef = 67B428691A34DA3F007CC06D /* imagedSegmentedControl.swift */; };
		67B4286C1A34DB90007CC06D /* mySegmenedControl.swift in Sources */ = {isa = PBXBuildFile; fileRef = 67B4286B1A34DB90007CC06D /* mySegmenedControl.swift */; };
		67B4286E1A34DC71007CC06D /* AnimatedViewController.swift in Sources */ = {isa = PBXBuildFile; fileRef = 67B4286D1A34DC71007CC06D /* AnimatedViewController.swift */; };
/* End PBXBuildFile section */

/* Begin PBXContainerItemProxy section */
		67B4285A1A34C0D7007CC06D /* PBXContainerItemProxy */ = {
			isa = PBXContainerItemProxy;
			containerPortal = 67B4283C1A34C0D7007CC06D /* Project object */;
			proxyType = 1;
			remoteGlobalIDString = 67B428431A34C0D7007CC06D;
			remoteInfo = variousUISegmentedControls;
		};
/* End PBXContainerItemProxy section */

/* Begin PBXFileReference section */
		67B428441A34C0D7007CC06D /* variousUISegmentedControls.app */ = {isa = PBXFileReference; explicitFileType = wrapper.application; includeInIndex = 0; path = variousUISegmentedControls.app; sourceTree = BUILT_PRODUCTS_DIR; };
		67B428481A34C0D7007CC06D /* Info.plist */ = {isa = PBXFileReference; lastKnownFileType = text.plist.xml; path = Info.plist; sourceTree = "<group>"; };
		67B428491A34C0D7007CC06D /* AppDelegate.swift */ = {isa = PBXFileReference; lastKnownFileType = sourcecode.swift; path = AppDelegate.swift; sourceTree = "<group>"; };
		67B4284B1A34C0D7007CC06D /* ViewController.swift */ = {isa = PBXFileReference; lastKnownFileType = sourcecode.swift; path = ViewController.swift; sourceTree = "<group>"; };
		67B4284E1A34C0D7007CC06D /* Base */ = {isa = PBXFileReference; lastKnownFileType = file.storyboard; name = Base; path = Base.lproj/Main.storyboard; sourceTree = "<group>"; };
		67B428501A34C0D7007CC06D /* Images.xcassets */ = {isa = PBXFileReference; lastKnownFileType = folder.assetcatalog; path = Images.xcassets; sourceTree = "<group>"; };
		67B428531A34C0D7007CC06D /* Base */ = {isa = PBXFileReference; lastKnownFileType = file.xib; name = Base; path = Base.lproj/LaunchScreen.xib; sourceTree = "<group>"; };
		67B428591A34C0D7007CC06D /* variousUISegmentedControlsTests.xctest */ = {isa = PBXFileReference; explicitFileType = wrapper.cfbundle; includeInIndex = 0; path = variousUISegmentedControlsTests.xctest; sourceTree = BUILT_PRODUCTS_DIR; };
		67B4285E1A34C0D7007CC06D /* Info.plist */ = {isa = PBXFileReference; lastKnownFileType = text.plist.xml; path = Info.plist; sourceTree = "<group>"; };
		67B4285F1A34C0D7007CC06D /* variousUISegmentedControlsTests.swift */ = {isa = PBXFileReference; lastKnownFileType = sourcecode.swift; path = variousUISegmentedControlsTests.swift; sourceTree = "<group>"; };
		67B428691A34DA3F007CC06D /* imagedSegmentedControl.swift */ = {isa = PBXFileReference; fileEncoding = 4; lastKnownFileType = sourcecode.swift; path = imagedSegmentedControl.swift; sourceTree = "<group>"; };
		67B4286B1A34DB90007CC06D /* mySegmenedControl.swift */ = {isa = PBXFileReference; fileEncoding = 4; lastKnownFileType = sourcecode.swift; path = mySegmenedControl.swift; sourceTree = "<group>"; };
		67B4286D1A34DC71007CC06D /* AnimatedViewController.swift */ = {isa = PBXFileReference; fileEncoding = 4; lastKnownFileType = sourcecode.swift; path = AnimatedViewController.swift; sourceTree = "<group>"; };
/* End PBXFileReference section */

/* Begin PBXFrameworksBuildPhase section */
		67B428411A34C0D7007CC06D /* Frameworks */ = {
			isa = PBXFrameworksBuildPhase;
			buildActionMask = 2147483647;
			files = (
			);
			runOnlyForDeploymentPostprocessing = 0;
		};
		67B428561A34C0D7007CC06D /* Frameworks */ = {
			isa = PBXFrameworksBuildPhase;
			buildActionMask = 2147483647;
			files = (
			);
			runOnlyForDeploymentPostprocessing = 0;
		};
/* End PBXFrameworksBuildPhase section */

/* Begin PBXGroup section */
		67B4283B1A34C0D7007CC06D = {
			isa = PBXGroup;
			children = (
				67B428461A34C0D7007CC06D /* variousUISegmentedControls */,
				67B4285C1A34C0D7007CC06D /* variousUISegmentedControlsTests */,
				67B428451A34C0D7007CC06D /* Products */,
			);
			sourceTree = "<group>";
		};
		67B428451A34C0D7007CC06D /* Products */ = {
			isa = PBXGroup;
			children = (
				67B428441A34C0D7007CC06D /* variousUISegmentedControls.app */,
				67B428591A34C0D7007CC06D /* variousUISegmentedControlsTests.xctest */,
			);
			name = Products;
			sourceTree = "<group>";
		};
		67B428461A34C0D7007CC06D /* variousUISegmentedControls */ = {
			isa = PBXGroup;
			children = (
				67B4286D1A34DC71007CC06D /* AnimatedViewController.swift */,
				67B4286B1A34DB90007CC06D /* mySegmenedControl.swift */,
				67B428691A34DA3F007CC06D /* imagedSegmentedControl.swift */,
				67B428491A34C0D7007CC06D /* AppDelegate.swift */,
				67B4284B1A34C0D7007CC06D /* ViewController.swift */,
				67B4284D1A34C0D7007CC06D /* Main.storyboard */,
				67B428501A34C0D7007CC06D /* Images.xcassets */,
				67B428521A34C0D7007CC06D /* LaunchScreen.xib */,
				67B428471A34C0D7007CC06D /* Supporting Files */,
			);
			path = variousUISegmentedControls;
			sourceTree = "<group>";
		};
		67B428471A34C0D7007CC06D /* Supporting Files */ = {
			isa = PBXGroup;
			children = (
				67B428481A34C0D7007CC06D /* Info.plist */,
			);
			name = "Supporting Files";
			sourceTree = "<group>";
		};
		67B4285C1A34C0D7007CC06D /* variousUISegmentedControlsTests */ = {
			isa = PBXGroup;
			children = (
				67B4285F1A34C0D7007CC06D /* variousUISegmentedControlsTests.swift */,
				67B4285D1A34C0D7007CC06D /* Supporting Files */,
			);
			path = variousUISegmentedControlsTests;
			sourceTree = "<group>";
		};
		67B4285D1A34C0D7007CC06D /* Supporting Files */ = {
			isa = PBXGroup;
			children = (
				67B4285E1A34C0D7007CC06D /* Info.plist */,
			);
			name = "Supporting Files";
			sourceTree = "<group>";
		};
/* End PBXGroup section */

/* Begin PBXNativeTarget section */
		67B428431A34C0D7007CC06D /* variousUISegmentedControls */ = {
			isa = PBXNativeTarget;
			buildConfigurationList = 67B428631A34C0D7007CC06D /* Build configuration list for PBXNativeTarget "variousUISegmentedControls" */;
			buildPhases = (
				67B428401A34C0D7007CC06D /* Sources */,
				67B428411A34C0D7007CC06D /* Frameworks */,
				67B428421A34C0D7007CC06D /* Resources */,
			);
			buildRules = (
			);
			dependencies = (
			);
			name = variousUISegmentedControls;
			productName = variousUISegmentedControls;
			productReference = 67B428441A34C0D7007CC06D /* variousUISegmentedControls.app */;
			productType = "com.apple.product-type.application";
		};
		67B428581A34C0D7007CC06D /* variousUISegmentedControlsTests */ = {
			isa = PBXNativeTarget;
			buildConfigurationList = 67B428661A34C0D7007CC06D /* Build configuration list for PBXNativeTarget "variousUISegmentedControlsTests" */;
			buildPhases = (
				67B428551A34C0D7007CC06D /* Sources */,
				67B428561A34C0D7007CC06D /* Frameworks */,
				67B428571A34C0D7007CC06D /* Resources */,
			);
			buildRules = (
			);
			dependencies = (
				67B4285B1A34C0D7007CC06D /* PBXTargetDependency */,
			);
			name = variousUISegmentedControlsTests;
			productName = variousUISegmentedControlsTests;
			productReference = 67B428591A34C0D7007CC06D /* variousUISegmentedControlsTests.xctest */;
			productType = "com.apple.product-type.bundle.unit-test";
		};
/* End PBXNativeTarget section */

/* Begin PBXProject section */
		67B4283C1A34C0D7007CC06D /* Project object */ = {
			isa = PBXProject;
			attributes = {
				LastUpgradeCheck = 0610;
				ORGANIZATIONNAME = addleimb;
				TargetAttributes = {
					67B428431A34C0D7007CC06D = {
						CreatedOnToolsVersion = 6.1.1;
					};
					67B428581A34C0D7007CC06D = {
						CreatedOnToolsVersion = 6.1.1;
						TestTargetID = 67B428431A34C0D7007CC06D;
					};
				};
			};
			buildConfigurationList = 67B4283F1A34C0D7007CC06D /* Build configuration list for PBXProject "variousUISegmentedControls" */;
			compatibilityVersion = "Xcode 3.2";
			developmentRegion = English;
			hasScannedForEncodings = 0;
			knownRegions = (
				en,
				Base,
			);
			mainGroup = 67B4283B1A34C0D7007CC06D;
			productRefGroup = 67B428451A34C0D7007CC06D /* Products */;
			projectDirPath = "";
			projectRoot = "";
			targets = (
				67B428431A34C0D7007CC06D /* variousUISegmentedControls */,
				67B428581A34C0D7007CC06D /* variousUISegmentedControlsTests */,
			);
		};
/* End PBXProject section */

/* Begin PBXResourcesBuildPhase section */
		67B428421A34C0D7007CC06D /* Resources */ = {
			isa = PBXResourcesBuildPhase;
			buildActionMask = 2147483647;
			files = (
				67B4284F1A34C0D7007CC06D /* Main.storyboard in Resources */,
				67B428541A34C0D7007CC06D /* LaunchScreen.xib in Resources */,
				67B428511A34C0D7007CC06D /* Images.xcassets in Resources */,
			);
			runOnlyForDeploymentPostprocessing = 0;
		};
		67B428571A34C0D7007CC06D /* Resources */ = {
			isa = PBXResourcesBuildPhase;
			buildActionMask = 2147483647;
			files = (
			);
			runOnlyForDeploymentPostprocessing = 0;
		};
/* End PBXResourcesBuildPhase section */

/* Begin PBXSourcesBuildPhase section */
		67B428401A34C0D7007CC06D /* Sources */ = {
			isa = PBXSourcesBuildPhase;
			buildActionMask = 2147483647;
			files = (
				67B4286A1A34DA3F007CC06D /* imagedSegmentedControl.swift in Sources */,
				67B4286C1A34DB90007CC06D /* mySegmenedControl.swift in Sources */,
				67B4286E1A34DC71007CC06D /* AnimatedViewController.swift in Sources */,
				67B4284C1A34C0D7007CC06D /* ViewController.swift in Sources */,
				67B4284A1A34C0D7007CC06D /* AppDelegate.swift in Sources */,
			);
			runOnlyForDeploymentPostprocessing = 0;
		};
		67B428551A34C0D7007CC06D /* Sources */ = {
			isa = PBXSourcesBuildPhase;
			buildActionMask = 2147483647;
			files = (
				67B428601A34C0D7007CC06D /* variousUISegmentedControlsTests.swift in Sources */,
			);
			runOnlyForDeploymentPostprocessing = 0;
		};
/* End PBXSourcesBuildPhase section */

/* Begin PBXTargetDependency section */
		67B4285B1A34C0D7007CC06D /* PBXTargetDependency */ = {
			isa = PBXTargetDependency;
			target = 67B428431A34C0D7007CC06D /* variousUISegmentedControls */;
			targetProxy = 67B4285A1A34C0D7007CC06D /* PBXContainerItemProxy */;
		};
/* End PBXTargetDependency section */

/* Begin PBXVariantGroup section */
		67B4284D1A34C0D7007CC06D /* Main.storyboard */ = {
			isa = PBXVariantGroup;
			children = (
				67B4284E1A34C0D7007CC06D /* Base */,
			);
			name = Main.storyboard;
			sourceTree = "<group>";
		};
		67B428521A34C0D7007CC06D /* LaunchScreen.xib */ = {
			isa = PBXVariantGroup;
			children = (
				67B428531A34C0D7007CC06D /* Base */,
			);
			name = LaunchScreen.xib;
			sourceTree = "<group>";
		};
/* End PBXVariantGroup section */

/* Begin XCBuildConfiguration section */
		67B428611A34C0D7007CC06D /* Debug */ = {
			isa = XCBuildConfiguration;
			buildSettings = {
				ALWAYS_SEARCH_USER_PATHS = NO;
				CLANG_CXX_LANGUAGE_STANDARD = "gnu++0x";
				CLANG_CXX_LIBRARY = "libc++";
				CLANG_ENABLE_MODULES = YES;
				CLANG_ENABLE_OBJC_ARC = YES;
				CLANG_WARN_BOOL_CONVERSION = YES;
				CLANG_WARN_CONSTANT_CONVERSION = YES;
				CLANG_WARN_DIRECT_OBJC_ISA_USAGE = YES_ERROR;
				CLANG_WARN_EMPTY_BODY = YES;
				CLANG_WARN_ENUM_CONVERSION = YES;
				CLANG_WARN_INT_CONVERSION = YES;
				CLANG_WARN_OBJC_ROOT_CLASS = YES_ERROR;
				CLANG_WARN_UNREACHABLE_CODE = YES;
				CLANG_WARN__DUPLICATE_METHOD_MATCH = YES;
				"CODE_SIGN_IDENTITY[sdk=iphoneos*]" = "iPhone Developer";
				COPY_PHASE_STRIP = NO;
				ENABLE_STRICT_OBJC_MSGSEND = YES;
				GCC_C_LANGUAGE_STANDARD = gnu99;
				GCC_DYNAMIC_NO_PIC = NO;
				GCC_OPTIMIZATION_LEVEL = 0;
				GCC_PREPROCESSOR_DEFINITIONS = (
					"DEBUG=1",
					"$(inherited)",
				);
				GCC_SYMBOLS_PRIVATE_EXTERN = NO;
				GCC_WARN_64_TO_32_BIT_CONVERSION = YES;
				GCC_WARN_ABOUT_RETURN_TYPE = YES_ERROR;
				GCC_WARN_UNDECLARED_SELECTOR = YES;
				GCC_WARN_UNINITIALIZED_AUTOS = YES_AGGRESSIVE;
				GCC_WARN_UNUSED_FUNCTION = YES;
				GCC_WARN_UNUSED_VARIABLE = YES;
				IPHONEOS_DEPLOYMENT_TARGET = 8.1;
				MTL_ENABLE_DEBUG_INFO = YES;
				ONLY_ACTIVE_ARCH = YES;
				SDKROOT = iphoneos;
				SWIFT_OPTIMIZATION_LEVEL = "-Onone";
			};
			name = Debug;
		};
		67B428621A34C0D7007CC06D /* Release */ = {
			isa = XCBuildConfiguration;
			buildSettings = {
				ALWAYS_SEARCH_USER_PATHS = NO;
				CLANG_CXX_LANGUAGE_STANDARD = "gnu++0x";
				CLANG_CXX_LIBRARY = "libc++";
				CLANG_ENABLE_MODULES = YES;
				CLANG_ENABLE_OBJC_ARC = YES;
				CLANG_WARN_BOOL_CONVERSION = YES;
				CLANG_WARN_CONSTANT_CONVERSION = YES;
				CLANG_WARN_DIRECT_OBJC_ISA_USAGE = YES_ERROR;
				CLANG_WARN_EMPTY_BODY = YES;
				CLANG_WARN_ENUM_CONVERSION = YES;
				CLANG_WARN_INT_CONVERSION = YES;
				CLANG_WARN_OBJC_ROOT_CLASS = YES_ERROR;
				CLANG_WARN_UNREACHABLE_CODE = YES;
				CLANG_WARN__DUPLICATE_METHOD_MATCH = YES;
				"CODE_SIGN_IDENTITY[sdk=iphoneos*]" = "iPhone Developer";
				COPY_PHASE_STRIP = YES;
				ENABLE_NS_ASSERTIONS = NO;
				ENABLE_STRICT_OBJC_MSGSEND = YES;
				GCC_C_LANGUAGE_STANDARD = gnu99;
				GCC_WARN_64_TO_32_BIT_CONVERSION = YES;
				GCC_WARN_ABOUT_RETURN_TYPE = YES_ERROR;
				GCC_WARN_UNDECLARED_SELECTOR = YES;
				GCC_WARN_UNINITIALIZED_AUTOS = YES_AGGRESSIVE;
				GCC_WARN_UNUSED_FUNCTION = YES;
				GCC_WARN_UNUSED_VARIABLE = YES;
				IPHONEOS_DEPLOYMENT_TARGET = 8.1;
				MTL_ENABLE_DEBUG_INFO = NO;
				SDKROOT = iphoneos;
				VALIDATE_PRODUCT = YES;
			};
			name = Release;
		};
		67B428641A34C0D7007CC06D /* Debug */ = {
			isa = XCBuildConfiguration;
			buildSettings = {
				ASSETCATALOG_COMPILER_APPICON_NAME = AppIcon;
				INFOPLIST_FILE = variousUISegmentedControls/Info.plist;
				LD_RUNPATH_SEARCH_PATHS = "$(inherited) @executable_path/Frameworks";
				PRODUCT_NAME = "$(TARGET_NAME)";
			};
			name = Debug;
		};
		67B428651A34C0D7007CC06D /* Release */ = {
			isa = XCBuildConfiguration;
			buildSettings = {
				ASSETCATALOG_COMPILER_APPICON_NAME = AppIcon;
				INFOPLIST_FILE = variousUISegmentedControls/Info.plist;
				LD_RUNPATH_SEARCH_PATHS = "$(inherited) @executable_path/Frameworks";
				PRODUCT_NAME = "$(TARGET_NAME)";
			};
			name = Release;
		};
		67B428671A34C0D7007CC06D /* Debug */ = {
			isa = XCBuildConfiguration;
			buildSettings = {
				BUNDLE_LOADER = "$(TEST_HOST)";
				FRAMEWORK_SEARCH_PATHS = (
					"$(SDKROOT)/Developer/Library/Frameworks",
					"$(inherited)",
				);
				GCC_PREPROCESSOR_DEFINITIONS = (
					"DEBUG=1",
					"$(inherited)",
				);
				INFOPLIST_FILE = variousUISegmentedControlsTests/Info.plist;
				LD_RUNPATH_SEARCH_PATHS = "$(inherited) @executable_path/Frameworks @loader_path/Frameworks";
				PRODUCT_NAME = "$(TARGET_NAME)";
				TEST_HOST = "$(BUILT_PRODUCTS_DIR)/variousUISegmentedControls.app/variousUISegmentedControls";
			};
			name = Debug;
		};
		67B428681A34C0D7007CC06D /* Release */ = {
			isa = XCBuildConfiguration;
			buildSettings = {
				BUNDLE_LOADER = "$(TEST_HOST)";
				FRAMEWORK_SEARCH_PATHS = (
					"$(SDKROOT)/Developer/Library/Frameworks",
					"$(inherited)",
				);
				INFOPLIST_FILE = variousUISegmentedControlsTests/Info.plist;
				LD_RUNPATH_SEARCH_PATHS = "$(inherited) @executable_path/Frameworks @loader_path/Frameworks";
				PRODUCT_NAME = "$(TARGET_NAME)";
				TEST_HOST = "$(BUILT_PRODUCTS_DIR)/variousUISegmentedControls.app/variousUISegmentedControls";
			};
			name = Release;
		};
/* End XCBuildConfiguration section */

/* Begin XCConfigurationList section */
		67B4283F1A34C0D7007CC06D /* Build configuration list for PBXProject "variousUISegmentedControls" */ = {
			isa = XCConfigurationList;
			buildConfigurations = (
				67B428611A34C0D7007CC06D /* Debug */,
				67B428621A34C0D7007CC06D /* Release */,
			);
			defaultConfigurationIsVisible = 0;
			defaultConfigurationName = Release;
		};
		67B428631A34C0D7007CC06D /* Build configuration list for PBXNativeTarget "variousUISegmentedControls" */ = {
			isa = XCConfigurationList;
			buildConfigurations = (
				67B428641A34C0D7007CC06D /* Debug */,
				67B428651A34C0D7007CC06D /* Release */,
			);
			defaultConfigurationIsVisible = 0;
		};
		67B428661A34C0D7007CC06D /* Build configuration list for PBXNativeTarget "variousUISegmentedControlsTests" */ = {
			isa = XCConfigurationList;
			buildConfigurations = (
				67B428671A34C0D7007CC06D /* Debug */,
				67B428681A34C0D7007CC06D /* Release */,
			);
			defaultConfigurationIsVisible = 0;
		};
/* End XCConfigurationList section */
	};
	rootObject = 67B4283C1A34C0D7007CC06D /* Project object */;
}
